
Microsoft Visual Studio Solution File, Format Version 12.00
# Visual Studio Version 17
VisualStudioVersion = 17.0.31903.59
MinimumVisualStudioVersion = 10.0.40219.1
Project("{2150E333-8FDC-42A3-9474-1A3956D46DE8}") = "src", "src", "{827E0CD3-B72D-47B6-A68D-7590B98EB39B}"
EndProject
Project("{2150E333-8FDC-42A3-9474-1A3956D46DE8}") = "AiTicketHub", "AiTicketHub", "{7C5437A0-5BA0-3D2B-5E9A-58157320F990}"
EndProject
Project("{2150E333-8FDC-42A3-9474-1A3956D46DE8}") = "Domain", "Domain", "{7BF30CC7-6B07-0AA3-F4A3-29AFBF644112}"
EndProject
Project("{FAE04EC0-301F-11D3-BF4B-00C04F79EFBC}") = "AiTicketHub.Domain", "src\AiTicketHub\Domain\AiTicketHub.Domain.csproj", "{6BB8A042-01BD-4119-945D-5052B12B0BBD}"
EndProject
Project("{2150E333-8FDC-42A3-9474-1A3956D46DE8}") = "Application", "Application", "{AEB2E469-5133-DE22-9C56-B16CAF5B5D2C}"
EndProject
Project("{FAE04EC0-301F-11D3-BF4B-00C04F79EFBC}") = "AiTicketHub.Application", "src\AiTicketHub\Application\AiTicketHub.Application.csproj", "{CB808A2A-FE86-493A-A858-3717814CD7A0}"
EndProject
Project("{2150E333-8FDC-42A3-9474-1A3956D46DE8}") = "Infrastructure", "Infrastructure", "{19927EA6-C136-DFC8-CA7B-DBF6F6A337DC}"
EndProject
Project("{FAE04EC0-301F-11D3-BF4B-00C04F79EFBC}") = "AiTicketHub.Infrastructure", "src\AiTicketHub\Infrastructure\AiTicketHub.Infrastructure.csproj", "{A9FC3252-83B1-4357-92D5-20F1A8D0E996}"
EndProject
Project("{2150E333-8FDC-42A3-9474-1A3956D46DE8}") = "API", "API", "{DE694240-BB11-AD5A-3F71-2D30FBA82D5A}"
EndProject
Project("{FAE04EC0-301F-11D3-BF4B-00C04F79EFBC}") = "AiTicketHub.API", "src\AiTicketHub\API\AiTicketHub.API.csproj", "{9CF140BF-1155-430F-BFD0-95B25AD8F292}"
EndProject
Project("{2150E333-8FDC-42A3-9474-1A3956D46DE8}") = "tests", "tests", "{0AB3BF05-4346-4AA6-1389-037BE0695223}"
EndProject
Project("{FAE04EC0-301F-11D3-BF4B-00C04F79EFBC}") = "AiTicketHub.Tests", "tests\AiTicketHub.Tests\AiTicketHub.Tests.csproj", "{62F5EE87-FA00-4F0C-ACCB-8E9EA31424F2}"
EndProject
Global
	GlobalSection(SolutionConfigurationPlatforms) = preSolution
		Debug|Any CPU = Debug|Any CPU
		Debug|x64 = Debug|x64
		Debug|x86 = Debug|x86
		Release|Any CPU = Release|Any CPU
		Release|x64 = Release|x64
		Release|x86 = Release|x86
	EndGlobalSection
	GlobalSection(ProjectConfigurationPlatforms) = postSolution
		{6BB8A042-01BD-4119-945D-5052B12B0BBD}.Debug|Any CPU.ActiveCfg = Debug|Any CPU
		{6BB8A042-01BD-4119-945D-5052B12B0BBD}.Debug|Any CPU.Build.0 = Debug|Any CPU
		{6BB8A042-01BD-4119-945D-5052B12B0BBD}.Debug|x64.ActiveCfg = Debug|Any CPU
		{6BB8A042-01BD-4119-945D-5052B12B0BBD}.Debug|x64.Build.0 = Debug|Any CPU
		{6BB8A042-01BD-4119-945D-5052B12B0BBD}.Debug|x86.ActiveCfg = Debug|Any CPU
		{6BB8A042-01BD-4119-945D-5052B12B0BBD}.Debug|x86.Build.0 = Debug|Any CPU
		{6BB8A042-01BD-4119-945D-5052B12B0BBD}.Release|Any CPU.ActiveCfg = Release|Any CPU
		{6BB8A042-01BD-4119-945D-5052B12B0BBD}.Release|Any CPU.Build.0 = Release|Any CPU
		{6BB8A042-01BD-4119-945D-5052B12B0BBD}.Release|x64.ActiveCfg = Release|Any CPU
		{6BB8A042-01BD-4119-945D-5052B12B0BBD}.Release|x64.Build.0 = Release|Any CPU
		{6BB8A042-01BD-4119-945D-5052B12B0BBD}.Release|x86.ActiveCfg = Release|Any CPU
		{6BB8A042-01BD-4119-945D-5052B12B0BBD}.Release|x86.Build.0 = Release|Any CPU
		{CB808A2A-FE86-493A-A858-3717814CD7A0}.Debug|Any CPU.ActiveCfg = Debug|Any CPU
		{CB808A2A-FE86-493A-A858-3717814CD7A0}.Debug|Any CPU.Build.0 = Debug|Any CPU
		{CB808A2A-FE86-493A-A858-3717814CD7A0}.Debug|x64.ActiveCfg = Debug|Any CPU
		{CB808A2A-FE86-493A-A858-3717814CD7A0}.Debug|x64.Build.0 = Debug|Any CPU
		{CB808A2A-FE86-493A-A858-3717814CD7A0}.Debug|x86.ActiveCfg = Debug|Any CPU
		{CB808A2A-FE86-493A-A858-3717814CD7A0}.Debug|x86.Build.0 = Debug|Any CPU
		{CB808A2A-FE86-493A-A858-3717814CD7A0}.Release|Any CPU.ActiveCfg = Release|Any CPU
		{CB808A2A-FE86-493A-A858-3717814CD7A0}.Release|Any CPU.Build.0 = Release|Any CPU
		{CB808A2A-FE86-493A-A858-3717814CD7A0}.Release|x64.ActiveCfg = Release|Any CPU
		{CB808A2A-FE86-493A-A858-3717814CD7A0}.Release|x64.Build.0 = Release|Any CPU
		{CB808A2A-FE86-493A-A858-3717814CD7A0}.Release|x86.ActiveCfg = Release|Any CPU
		{CB808A2A-FE86-493A-A858-3717814CD7A0}.Release|x86.Build.0 = Release|Any CPU
		{A9FC3252-83B1-4357-92D5-20F1A8D0E996}.Debug|Any CPU.ActiveCfg = Debug|Any CPU
		{A9FC3252-83B1-4357-92D5-20F1A8D0E996}.Debug|Any CPU.Build.0 = Debug|Any CPU
		{A9FC3252-83B1-4357-92D5-20F1A8D0E996}.Debug|x64.ActiveCfg = Debug|Any CPU
		{A9FC3252-83B1-4357-92D5-20F1A8D0E996}.Debug|x64.Build.0 = Debug|Any CPU
		{A9FC3252-83B1-4357-92D5-20F1A8D0E996}.Debug|x86.ActiveCfg = Debug|Any CPU
		{A9FC3252-83B1-4357-92D5-20F1A8D0E996}.Debug|x86.Build.0 = Debug|Any CPU
		{A9FC3252-83B1-4357-92D5-20F1A8D0E996}.Release|Any CPU.ActiveCfg = Release|Any CPU
		{A9FC3252-83B1-4357-92D5-20F1A8D0E996}.Release|Any CPU.Build.0 = Release|Any CPU
		{A9FC3252-83B1-4357-92D5-20F1A8D0E996}.Release|x64.ActiveCfg = Release|Any CPU
		{A9FC3252-83B1-4357-92D5-20F1A8D0E996}.Release|x64.Build.0 = Release|Any CPU
		{A9FC3252-83B1-4357-92D5-20F1A8D0E996}.Release|x86.ActiveCfg = Release|Any CPU
		{A9FC3252-83B1-4357-92D5-20F1A8D0E996}.Release|x86.Build.0 = Release|Any CPU
		{9CF140BF-1155-430F-BFD0-95B25AD8F292}.Debug|Any CPU.ActiveCfg = Debug|Any CPU
		{9CF140BF-1155-430F-BFD0-95B25AD8F292}.Debug|Any CPU.Build.0 = Debug|Any CPU
		{9CF140BF-1155-430F-BFD0-95B25AD8F292}.Debug|x64.ActiveCfg = Debug|Any CPU
		{9CF140BF-1155-430F-BFD0-95B25AD8F292}.Debug|x64.Build.0 = Debug|Any CPU
		{9CF140BF-1155-430F-BFD0-95B25AD8F292}.Debug|x86.ActiveCfg = Debug|Any CPU
		{9CF140BF-1155-430F-BFD0-95B25AD8F292}.Debug|x86.Build.0 = Debug|Any CPU
		{9CF140BF-1155-430F-BFD0-95B25AD8F292}.Release|Any CPU.ActiveCfg = Release|Any CPU
		{9CF140BF-1155-430F-BFD0-95B25AD8F292}.Release|Any CPU.Build.0 = Release|Any CPU
		{9CF140BF-1155-430F-BFD0-95B25AD8F292}.Release|x64.ActiveCfg = Release|Any CPU
		{9CF140BF-1155-430F-BFD0-95B25AD8F292}.Release|x64.Build.0 = Release|Any CPU
		{9CF140BF-1155-430F-BFD0-95B25AD8F292}.Release|x86.ActiveCfg = Release|Any CPU
		{9CF140BF-1155-430F-BFD0-95B25AD8F292}.Release|x86.Build.0 = Release|Any CPU
		{62F5EE87-FA00-4F0C-ACCB-8E9EA31424F2}.Debug|Any CPU.ActiveCfg = Debug|Any CPU
		{62F5EE87-FA00-4F0C-ACCB-8E9EA31424F2}.Debug|Any CPU.Build.0 = Debug|Any CPU
		{62F5EE87-FA00-4F0C-ACCB-8E9EA31424F2}.Debug|x64.ActiveCfg = Debug|Any CPU
		{62F5EE87-FA00-4F0C-ACCB-8E9EA31424F2}.Debug|x64.Build.0 = Debug|Any CPU
		{62F5EE87-FA00-4F0C-ACCB-8E9EA31424F2}.Debug|x86.ActiveCfg = Debug|Any CPU
		{62F5EE87-FA00-4F0C-ACCB-8E9EA31424F2}.Debug|x86.Build.0 = Debug|Any CPU
		{62F5EE87-FA00-4F0C-ACCB-8E9EA31424F2}.Release|Any CPU.ActiveCfg = Release|Any CPU
		{62F5EE87-FA00-4F0C-ACCB-8E9EA31424F2}.Release|Any CPU.Build.0 = Release|Any CPU
		{62F5EE87-FA00-4F0C-ACCB-8E9EA31424F2}.Release|x64.ActiveCfg = Release|Any CPU
		{62F5EE87-FA00-4F0C-ACCB-8E9EA31424F2}.Release|x64.Build.0 = Release|Any CPU
		{62F5EE87-FA00-4F0C-ACCB-8E9EA31424F2}.Release|x86.ActiveCfg = Release|Any CPU
		{62F5EE87-FA00-4F0C-ACCB-8E9EA31424F2}.Release|x86.Build.0 = Release|Any CPU
	EndGlobalSection
	GlobalSection(SolutionProperties) = preSolution
		HideSolutionNode = FALSE
	EndGlobalSection
	GlobalSection(NestedProjects) = preSolution
		{7C5437A0-5BA0-3D2B-5E9A-58157320F990} = {827E0CD3-B72D-47B6-A68D-7590B98EB39B}
		{7BF30CC7-6B07-0AA3-F4A3-29AFBF644112} = {7C5437A0-5BA0-3D2B-5E9A-58157320F990}
		{6BB8A042-01BD-4119-945D-5052B12B0BBD} = {7BF30CC7-6B07-0AA3-F4A3-29AFBF644112}
		{AEB2E469-5133-DE22-9C56-B16CAF5B5D2C} = {7C5437A0-5BA0-3D2B-5E9A-58157320F990}
		{CB808A2A-FE86-493A-A858-3717814CD7A0} = {AEB2E469-5133-DE22-9C56-B16CAF5B5D2C}
		{19927EA6-C136-DFC8-CA7B-DBF6F6A337DC} = {7C5437A0-5BA0-3D2B-5E9A-58157320F990}
		{A9FC3252-83B1-4357-92D5-20F1A8D0E996} = {19927EA6-C136-DFC8-CA7B-DBF6F6A337DC}
		{DE694240-BB11-AD5A-3F71-2D30FBA82D5A} = {7C5437A0-5BA0-3D2B-5E9A-58157320F990}
		{9CF140BF-1155-430F-BFD0-95B25AD8F292} = {DE694240-BB11-AD5A-3F71-2D30FBA82D5A}
		{62F5EE87-FA00-4F0C-ACCB-8E9EA31424F2} = {0AB3BF05-4346-4AA6-1389-037BE0695223}
	EndGlobalSection
EndGlobal
